
Microsoft Visual Studio Solution File, Format Version 12.00
# Visual Studio Version 17
VisualStudioVersion = 17.1.32421.90
MinimumVisualStudioVersion = 10.0.40219.1
Project("{FAE04EC0-301F-11D3-BF4B-00C04F79EFBC}") = "OsAssignment3", "OsAssignment3.csproj", "{263483A1-F218-4068-AA56-3749C4D21EA4}"
EndProject
Global
	GlobalSection(SolutionConfigurationPlatforms) = preSolution
		Debug|Any CPU = Debug|Any CPU
		Release|Any CPU = Release|Any CPU
	EndGlobalSection
	GlobalSection(ProjectConfigurationPlatforms) = postSolution
		{263483A1-F218-4068-AA56-3749C4D21EA4}.Debug|Any CPU.ActiveCfg = Debug|Any CPU
		{263483A1-F218-4068-AA56-3749C4D21EA4}.Debug|Any CPU.Build.0 = Debug|Any CPU
		{263483A1-F218-4068-AA56-3749C4D21EA4}.Release|Any CPU.ActiveCfg = Release|Any CPU
		{263483A1-F218-4068-AA56-3749C4D21EA4}.Release|Any CPU.Build.0 = Release|Any CPU
	EndGlobalSection
	GlobalSection(SolutionProperties) = preSolution
		HideSolutionNode = FALSE
	EndGlobalSection
	GlobalSection(ExtensibilityGlobals) = postSolution
		SolutionGuid = {E87ABD77-27BB-4185-B5E6-92D0A54F5268}
	EndGlobalSection
EndGlobal
